// !$*UTF8*$!
{
	archiveVersion = 1;
	classes = {
	};
	objectVersion = 46;
	objects = {

/* Begin PBXBuildFile section */
		9C1F658F1F529D9F0095092B /* Device.swift in Sources */ = {isa = PBXBuildFile; fileRef = 9C1F658E1F529D9F0095092B /* Device.swift */; };
		9C1F65911F54FB260095092B /* DeviceTableView.swift in Sources */ = {isa = PBXBuildFile; fileRef = 9C1F65901F54FB260095092B /* DeviceTableView.swift */; };
		9C33D8C4202E3304006968DE /* SelectableTypesView.swift in Sources */ = {isa = PBXBuildFile; fileRef = 9C33D8C3202E3304006968DE /* SelectableTypesView.swift */; };
		9C5BDE872062421B00DFF64C /* libmagic.1.dylib in Embed Libraries */ = {isa = PBXBuildFile; fileRef = 9CBBE50020623F6A00A6B003 /* libmagic.1.dylib */; settings = {ATTRIBUTES = (CodeSignOnCopy, ); }; };
		9C5BDE892062423300DFF64C /* libmagic.1.dylib in Frameworks */ = {isa = PBXBuildFile; fileRef = 9CBBE50020623F6A00A6B003 /* libmagic.1.dylib */; };
		9CA9D6681F52173200BE1277 /* AppDelegate.swift in Sources */ = {isa = PBXBuildFile; fileRef = 9CA9D6671F52173200BE1277 /* AppDelegate.swift */; };
		9CA9D66A1F52173200BE1277 /* ViewController.swift in Sources */ = {isa = PBXBuildFile; fileRef = 9CA9D6691F52173200BE1277 /* ViewController.swift */; };
		9CA9D66C1F52173200BE1277 /* Assets.xcassets in Resources */ = {isa = PBXBuildFile; fileRef = 9CA9D66B1F52173200BE1277 /* Assets.xcassets */; };
		9CA9D66F1F52173200BE1277 /* Main.storyboard in Resources */ = {isa = PBXBuildFile; fileRef = 9CA9D66D1F52173200BE1277 /* Main.storyboard */; };
		9CA9D6771F5243A000BE1277 /* DeviceCellView.swift in Sources */ = {isa = PBXBuildFile; fileRef = 9CA9D6761F5243A000BE1277 /* DeviceCellView.swift */; };
		9CA9D6B51F52461B00BE1277 /* iPad1,1.png in Resources */ = {isa = PBXBuildFile; fileRef = 9CA9D67E1F52461B00BE1277 /* iPad1,1.png */; };
		9CA9D6B61F52461B00BE1277 /* iPad2,1.png in Resources */ = {isa = PBXBuildFile; fileRef = 9CA9D67F1F52461B00BE1277 /* iPad2,1.png */; };
		9CA9D6B71F52461B00BE1277 /* iPad2,2.png in Resources */ = {isa = PBXBuildFile; fileRef = 9CA9D6801F52461B00BE1277 /* iPad2,2.png */; };
		9CA9D6B81F52461B00BE1277 /* iPad2,3.png in Resources */ = {isa = PBXBuildFile; fileRef = 9CA9D6811F52461B00BE1277 /* iPad2,3.png */; };
		9CA9D6B91F52461B00BE1277 /* iPad2,4.png in Resources */ = {isa = PBXBuildFile; fileRef = 9CA9D6821F52461B00BE1277 /* iPad2,4.png */; };
		9CA9D6BA1F52461B00BE1277 /* iPad2,5.png in Resources */ = {isa = PBXBuildFile; fileRef = 9CA9D6831F52461B00BE1277 /* iPad2,5.png */; };
		9CA9D6BB1F52461B00BE1277 /* iPad3,1.png in Resources */ = {isa = PBXBuildFile; fileRef = 9CA9D6841F52461B00BE1277 /* iPad3,1.png */; };
		9CA9D6BC1F52461B00BE1277 /* iPad3,2.png in Resources */ = {isa = PBXBuildFile; fileRef = 9CA9D6851F52461B00BE1277 /* iPad3,2.png */; };
		9CA9D6BD1F52461B00BE1277 /* iPad3,3.png in Resources */ = {isa = PBXBuildFile; fileRef = 9CA9D6861F52461B00BE1277 /* iPad3,3.png */; };
		9CA9D6BE1F52461B00BE1277 /* iPad3,4.png in Resources */ = {isa = PBXBuildFile; fileRef = 9CA9D6871F52461B00BE1277 /* iPad3,4.png */; };
		9CA9D6BF1F52461B00BE1277 /* iPad3,5.png in Resources */ = {isa = PBXBuildFile; fileRef = 9CA9D6881F52461B00BE1277 /* iPad3,5.png */; };
		9CA9D6C01F52461B00BE1277 /* iPad4,1.png in Resources */ = {isa = PBXBuildFile; fileRef = 9CA9D6891F52461B00BE1277 /* iPad4,1.png */; };
		9CA9D6C11F52461B00BE1277 /* iPad4,2.png in Resources */ = {isa = PBXBuildFile; fileRef = 9CA9D68A1F52461B00BE1277 /* iPad4,2.png */; };
		9CA9D6C21F52461B00BE1277 /* iPad4,3.png in Resources */ = {isa = PBXBuildFile; fileRef = 9CA9D68B1F52461B00BE1277 /* iPad4,3.png */; };
		9CA9D6C31F52461B00BE1277 /* iPad4,4.png in Resources */ = {isa = PBXBuildFile; fileRef = 9CA9D68C1F52461B00BE1277 /* iPad4,4.png */; };
		9CA9D6C41F52461B00BE1277 /* iPad4,5.png in Resources */ = {isa = PBXBuildFile; fileRef = 9CA9D68D1F52461B00BE1277 /* iPad4,5.png */; };
		9CA9D6C51F52461B00BE1277 /* iPad5,1.png in Resources */ = {isa = PBXBuildFile; fileRef = 9CA9D68E1F52461B00BE1277 /* iPad5,1.png */; };
		9CA9D6C61F52461B00BE1277 /* iPad5,2.png in Resources */ = {isa = PBXBuildFile; fileRef = 9CA9D68F1F52461B00BE1277 /* iPad5,2.png */; };
		9CA9D6C71F52461B00BE1277 /* iPad5,3.png in Resources */ = {isa = PBXBuildFile; fileRef = 9CA9D6901F52461B00BE1277 /* iPad5,3.png */; };
		9CA9D6C81F52461B00BE1277 /* iPad5,4.png in Resources */ = {isa = PBXBuildFile; fileRef = 9CA9D6911F52461B00BE1277 /* iPad5,4.png */; };
		9CA9D6C91F52461B00BE1277 /* iPad5,5.png in Resources */ = {isa = PBXBuildFile; fileRef = 9CA9D6921F52461B00BE1277 /* iPad5,5.png */; };
		9CA9D6CA1F52461B00BE1277 /* iPad6,3.png in Resources */ = {isa = PBXBuildFile; fileRef = 9CA9D6931F52461B00BE1277 /* iPad6,3.png */; };
		9CA9D6CB1F52461B00BE1277 /* iPad6,4.png in Resources */ = {isa = PBXBuildFile; fileRef = 9CA9D6941F52461B00BE1277 /* iPad6,4.png */; };
		9CA9D6CC1F52461B00BE1277 /* iPad7,1.png in Resources */ = {isa = PBXBuildFile; fileRef = 9CA9D6951F52461B00BE1277 /* iPad7,1.png */; };
		9CA9D6CD1F52461B00BE1277 /* iPad7,2.png in Resources */ = {isa = PBXBuildFile; fileRef = 9CA9D6961F52461B00BE1277 /* iPad7,2.png */; };
		9CA9D6CE1F52461B00BE1277 /* iPad7,3.png in Resources */ = {isa = PBXBuildFile; fileRef = 9CA9D6971F52461B00BE1277 /* iPad7,3.png */; };
		9CA9D6CF1F52461B00BE1277 /* iPad7,4.png in Resources */ = {isa = PBXBuildFile; fileRef = 9CA9D6981F52461B00BE1277 /* iPad7,4.png */; };
		9CA9D6D01F52461B00BE1277 /* iPhone1,1.png in Resources */ = {isa = PBXBuildFile; fileRef = 9CA9D6991F52461B00BE1277 /* iPhone1,1.png */; };
		9CA9D6D11F52461B00BE1277 /* iPhone1,2.png in Resources */ = {isa = PBXBuildFile; fileRef = 9CA9D69A1F52461B00BE1277 /* iPhone1,2.png */; };
		9CA9D6D21F52461B00BE1277 /* iPhone2,1.png in Resources */ = {isa = PBXBuildFile; fileRef = 9CA9D69B1F52461B00BE1277 /* iPhone2,1.png */; };
		9CA9D6D31F52461B00BE1277 /* iPhone3,1.png in Resources */ = {isa = PBXBuildFile; fileRef = 9CA9D69C1F52461B00BE1277 /* iPhone3,1.png */; };
		9CA9D6D41F52461B00BE1277 /* iPhone3,2.png in Resources */ = {isa = PBXBuildFile; fileRef = 9CA9D69D1F52461B00BE1277 /* iPhone3,2.png */; };
		9CA9D6D51F52461B00BE1277 /* iPhone3,3.png in Resources */ = {isa = PBXBuildFile; fileRef = 9CA9D69E1F52461B00BE1277 /* iPhone3,3.png */; };
		9CA9D6D61F52461B00BE1277 /* iPhone4,1.png in Resources */ = {isa = PBXBuildFile; fileRef = 9CA9D69F1F52461B00BE1277 /* iPhone4,1.png */; };
		9CA9D6D71F52461B00BE1277 /* iPhone5,1.png in Resources */ = {isa = PBXBuildFile; fileRef = 9CA9D6A01F52461B00BE1277 /* iPhone5,1.png */; };
		9CA9D6D81F52461B00BE1277 /* iPhone5,2.png in Resources */ = {isa = PBXBuildFile; fileRef = 9CA9D6A11F52461B00BE1277 /* iPhone5,2.png */; };
		9CA9D6D91F52461B00BE1277 /* iPhone5,3.png in Resources */ = {isa = PBXBuildFile; fileRef = 9CA9D6A21F52461B00BE1277 /* iPhone5,3.png */; };
		9CA9D6DA1F52461B00BE1277 /* iPhone5,4.png in Resources */ = {isa = PBXBuildFile; fileRef = 9CA9D6A31F52461B00BE1277 /* iPhone5,4.png */; };
		9CA9D6DB1F52461B00BE1277 /* iPhone6,1.png in Resources */ = {isa = PBXBuildFile; fileRef = 9CA9D6A41F52461B00BE1277 /* iPhone6,1.png */; };
		9CA9D6DC1F52461B00BE1277 /* iPhone6,2.png in Resources */ = {isa = PBXBuildFile; fileRef = 9CA9D6A51F52461B00BE1277 /* iPhone6,2.png */; };
		9CA9D6DD1F52461B00BE1277 /* iPhone7,1.png in Resources */ = {isa = PBXBuildFile; fileRef = 9CA9D6A61F52461B00BE1277 /* iPhone7,1.png */; };
		9CA9D6DE1F52461B00BE1277 /* iPhone7,2.png in Resources */ = {isa = PBXBuildFile; fileRef = 9CA9D6A71F52461B00BE1277 /* iPhone7,2.png */; };
		9CA9D6DF1F52461B00BE1277 /* iPhone8,1.png in Resources */ = {isa = PBXBuildFile; fileRef = 9CA9D6A81F52461B00BE1277 /* iPhone8,1.png */; };
		9CA9D6E01F52461B00BE1277 /* iPhone8,2.png in Resources */ = {isa = PBXBuildFile; fileRef = 9CA9D6A91F52461B00BE1277 /* iPhone8,2.png */; };
		9CA9D6E11F52461B00BE1277 /* iPhone8,4.png in Resources */ = {isa = PBXBuildFile; fileRef = 9CA9D6AA1F52461B00BE1277 /* iPhone8,4.png */; };
		9CA9D6E21F52461B00BE1277 /* iPhone9,1.png in Resources */ = {isa = PBXBuildFile; fileRef = 9CA9D6AB1F52461B00BE1277 /* iPhone9,1.png */; };
		9CA9D6E31F52461B00BE1277 /* iPhone9,2.png in Resources */ = {isa = PBXBuildFile; fileRef = 9CA9D6AC1F52461B00BE1277 /* iPhone9,2.png */; };
		9CA9D6E41F52461B00BE1277 /* iPhone9,3.png in Resources */ = {isa = PBXBuildFile; fileRef = 9CA9D6AD1F52461B00BE1277 /* iPhone9,3.png */; };
		9CA9D6E51F52461B00BE1277 /* iPhone9,4.png in Resources */ = {isa = PBXBuildFile; fileRef = 9CA9D6AE1F52461B00BE1277 /* iPhone9,4.png */; };
		9CA9D6E61F52461B00BE1277 /* iPod1,1.png in Resources */ = {isa = PBXBuildFile; fileRef = 9CA9D6AF1F52461B00BE1277 /* iPod1,1.png */; };
		9CA9D6E71F52461B00BE1277 /* iPod2,1.png in Resources */ = {isa = PBXBuildFile; fileRef = 9CA9D6B01F52461B00BE1277 /* iPod2,1.png */; };
		9CA9D6E81F52461B00BE1277 /* iPod3,1.png in Resources */ = {isa = PBXBuildFile; fileRef = 9CA9D6B11F52461B00BE1277 /* iPod3,1.png */; };
		9CA9D6E91F52461B00BE1277 /* iPod4,1.png in Resources */ = {isa = PBXBuildFile; fileRef = 9CA9D6B21F52461B00BE1277 /* iPod4,1.png */; };
		9CA9D6EA1F52461B00BE1277 /* iPod5,1.png in Resources */ = {isa = PBXBuildFile; fileRef = 9CA9D6B31F52461B00BE1277 /* iPod5,1.png */; };
		9CA9D6EB1F52461B00BE1277 /* iPod7,1.png in Resources */ = {isa = PBXBuildFile; fileRef = 9CA9D6B41F52461B00BE1277 /* iPod7,1.png */; };
/* End PBXBuildFile section */

/* Begin PBXCopyFilesBuildPhase section */
		9CBBE4F6206239F900A6B003 /* Embed Libraries */ = {
			isa = PBXCopyFilesBuildPhase;
			buildActionMask = 12;
			dstPath = "";
			dstSubfolderSpec = 10;
			files = (
				9C5BDE872062421B00DFF64C /* libmagic.1.dylib in Embed Libraries */,
			);
			name = "Embed Libraries";
			runOnlyForDeploymentPostprocessing = 0;
		};
/* End PBXCopyFilesBuildPhase section */

/* Begin PBXFileReference section */
		9C1F658E1F529D9F0095092B /* Device.swift */ = {isa = PBXFileReference; fileEncoding = 4; lastKnownFileType = sourcecode.swift; path = Device.swift; sourceTree = "<group>"; };
		9C1F65901F54FB260095092B /* DeviceTableView.swift */ = {isa = PBXFileReference; fileEncoding = 4; lastKnownFileType = sourcecode.swift; path = DeviceTableView.swift; sourceTree = "<group>"; };
		9C33D8C3202E3304006968DE /* SelectableTypesView.swift */ = {isa = PBXFileReference; lastKnownFileType = sourcecode.swift; path = SelectableTypesView.swift; sourceTree = "<group>"; };
		9CA9D6641F52173200BE1277 /* Open Backup Extractor.app */ = {isa = PBXFileReference; explicitFileType = wrapper.application; includeInIndex = 0; path = "Open Backup Extractor.app"; sourceTree = BUILT_PRODUCTS_DIR; };
		9CA9D6671F52173200BE1277 /* AppDelegate.swift */ = {isa = PBXFileReference; lastKnownFileType = sourcecode.swift; path = AppDelegate.swift; sourceTree = "<group>"; };
		9CA9D6691F52173200BE1277 /* ViewController.swift */ = {isa = PBXFileReference; lastKnownFileType = sourcecode.swift; path = ViewController.swift; sourceTree = "<group>"; };
		9CA9D66B1F52173200BE1277 /* Assets.xcassets */ = {isa = PBXFileReference; lastKnownFileType = folder.assetcatalog; path = Assets.xcassets; sourceTree = "<group>"; };
		9CA9D66E1F52173200BE1277 /* Base */ = {isa = PBXFileReference; lastKnownFileType = file.storyboard; name = Base; path = Base.lproj/Main.storyboard; sourceTree = "<group>"; };
		9CA9D6701F52173200BE1277 /* Info.plist */ = {isa = PBXFileReference; lastKnownFileType = text.plist.xml; path = Info.plist; sourceTree = "<group>"; };
		9CA9D6761F5243A000BE1277 /* DeviceCellView.swift */ = {isa = PBXFileReference; fileEncoding = 4; lastKnownFileType = sourcecode.swift; path = DeviceCellView.swift; sourceTree = "<group>"; };
		9CA9D67E1F52461B00BE1277 /* iPad1,1.png */ = {isa = PBXFileReference; lastKnownFileType = image.png; path = "iPad1,1.png"; sourceTree = "<group>"; };
		9CA9D67F1F52461B00BE1277 /* iPad2,1.png */ = {isa = PBXFileReference; lastKnownFileType = image.png; path = "iPad2,1.png"; sourceTree = "<group>"; };
		9CA9D6801F52461B00BE1277 /* iPad2,2.png */ = {isa = PBXFileReference; lastKnownFileType = image.png; path = "iPad2,2.png"; sourceTree = "<group>"; };
		9CA9D6811F52461B00BE1277 /* iPad2,3.png */ = {isa = PBXFileReference; lastKnownFileType = image.png; path = "iPad2,3.png"; sourceTree = "<group>"; };
		9CA9D6821F52461B00BE1277 /* iPad2,4.png */ = {isa = PBXFileReference; lastKnownFileType = image.png; path = "iPad2,4.png"; sourceTree = "<group>"; };
		9CA9D6831F52461B00BE1277 /* iPad2,5.png */ = {isa = PBXFileReference; lastKnownFileType = image.png; path = "iPad2,5.png"; sourceTree = "<group>"; };
		9CA9D6841F52461B00BE1277 /* iPad3,1.png */ = {isa = PBXFileReference; lastKnownFileType = image.png; path = "iPad3,1.png"; sourceTree = "<group>"; };
		9CA9D6851F52461B00BE1277 /* iPad3,2.png */ = {isa = PBXFileReference; lastKnownFileType = image.png; path = "iPad3,2.png"; sourceTree = "<group>"; };
		9CA9D6861F52461B00BE1277 /* iPad3,3.png */ = {isa = PBXFileReference; lastKnownFileType = image.png; path = "iPad3,3.png"; sourceTree = "<group>"; };
		9CA9D6871F52461B00BE1277 /* iPad3,4.png */ = {isa = PBXFileReference; lastKnownFileType = image.png; path = "iPad3,4.png"; sourceTree = "<group>"; };
		9CA9D6881F52461B00BE1277 /* iPad3,5.png */ = {isa = PBXFileReference; lastKnownFileType = image.png; path = "iPad3,5.png"; sourceTree = "<group>"; };
		9CA9D6891F52461B00BE1277 /* iPad4,1.png */ = {isa = PBXFileReference; lastKnownFileType = image.png; path = "iPad4,1.png"; sourceTree = "<group>"; };
		9CA9D68A1F52461B00BE1277 /* iPad4,2.png */ = {isa = PBXFileReference; lastKnownFileType = image.png; path = "iPad4,2.png"; sourceTree = "<group>"; };
		9CA9D68B1F52461B00BE1277 /* iPad4,3.png */ = {isa = PBXFileReference; lastKnownFileType = image.png; path = "iPad4,3.png"; sourceTree = "<group>"; };
		9CA9D68C1F52461B00BE1277 /* iPad4,4.png */ = {isa = PBXFileReference; lastKnownFileType = image.png; path = "iPad4,4.png"; sourceTree = "<group>"; };
		9CA9D68D1F52461B00BE1277 /* iPad4,5.png */ = {isa = PBXFileReference; lastKnownFileType = image.png; path = "iPad4,5.png"; sourceTree = "<group>"; };
		9CA9D68E1F52461B00BE1277 /* iPad5,1.png */ = {isa = PBXFileReference; lastKnownFileType = image.png; path = "iPad5,1.png"; sourceTree = "<group>"; };
		9CA9D68F1F52461B00BE1277 /* iPad5,2.png */ = {isa = PBXFileReference; lastKnownFileType = image.png; path = "iPad5,2.png"; sourceTree = "<group>"; };
		9CA9D6901F52461B00BE1277 /* iPad5,3.png */ = {isa = PBXFileReference; lastKnownFileType = image.png; path = "iPad5,3.png"; sourceTree = "<group>"; };
		9CA9D6911F52461B00BE1277 /* iPad5,4.png */ = {isa = PBXFileReference; lastKnownFileType = image.png; path = "iPad5,4.png"; sourceTree = "<group>"; };
		9CA9D6921F52461B00BE1277 /* iPad5,5.png */ = {isa = PBXFileReference; lastKnownFileType = image.png; path = "iPad5,5.png"; sourceTree = "<group>"; };
		9CA9D6931F52461B00BE1277 /* iPad6,3.png */ = {isa = PBXFileReference; lastKnownFileType = image.png; path = "iPad6,3.png"; sourceTree = "<group>"; };
		9CA9D6941F52461B00BE1277 /* iPad6,4.png */ = {isa = PBXFileReference; lastKnownFileType = image.png; path = "iPad6,4.png"; sourceTree = "<group>"; };
		9CA9D6951F52461B00BE1277 /* iPad7,1.png */ = {isa = PBXFileReference; lastKnownFileType = image.png; path = "iPad7,1.png"; sourceTree = "<group>"; };
		9CA9D6961F52461B00BE1277 /* iPad7,2.png */ = {isa = PBXFileReference; lastKnownFileType = image.png; path = "iPad7,2.png"; sourceTree = "<group>"; };
		9CA9D6971F52461B00BE1277 /* iPad7,3.png */ = {isa = PBXFileReference; lastKnownFileType = image.png; path = "iPad7,3.png"; sourceTree = "<group>"; };
		9CA9D6981F52461B00BE1277 /* iPad7,4.png */ = {isa = PBXFileReference; lastKnownFileType = image.png; path = "iPad7,4.png"; sourceTree = "<group>"; };
		9CA9D6991F52461B00BE1277 /* iPhone1,1.png */ = {isa = PBXFileReference; lastKnownFileType = image.png; path = "iPhone1,1.png"; sourceTree = "<group>"; };
		9CA9D69A1F52461B00BE1277 /* iPhone1,2.png */ = {isa = PBXFileReference; lastKnownFileType = image.png; path = "iPhone1,2.png"; sourceTree = "<group>"; };
		9CA9D69B1F52461B00BE1277 /* iPhone2,1.png */ = {isa = PBXFileReference; lastKnownFileType = image.png; path = "iPhone2,1.png"; sourceTree = "<group>"; };
		9CA9D69C1F52461B00BE1277 /* iPhone3,1.png */ = {isa = PBXFileReference; lastKnownFileType = image.png; path = "iPhone3,1.png"; sourceTree = "<group>"; };
		9CA9D69D1F52461B00BE1277 /* iPhone3,2.png */ = {isa = PBXFileReference; lastKnownFileType = image.png; path = "iPhone3,2.png"; sourceTree = "<group>"; };
		9CA9D69E1F52461B00BE1277 /* iPhone3,3.png */ = {isa = PBXFileReference; lastKnownFileType = image.png; path = "iPhone3,3.png"; sourceTree = "<group>"; };
		9CA9D69F1F52461B00BE1277 /* iPhone4,1.png */ = {isa = PBXFileReference; lastKnownFileType = image.png; path = "iPhone4,1.png"; sourceTree = "<group>"; };
		9CA9D6A01F52461B00BE1277 /* iPhone5,1.png */ = {isa = PBXFileReference; lastKnownFileType = image.png; path = "iPhone5,1.png"; sourceTree = "<group>"; };
		9CA9D6A11F52461B00BE1277 /* iPhone5,2.png */ = {isa = PBXFileReference; lastKnownFileType = image.png; path = "iPhone5,2.png"; sourceTree = "<group>"; };
		9CA9D6A21F52461B00BE1277 /* iPhone5,3.png */ = {isa = PBXFileReference; lastKnownFileType = image.png; path = "iPhone5,3.png"; sourceTree = "<group>"; };
		9CA9D6A31F52461B00BE1277 /* iPhone5,4.png */ = {isa = PBXFileReference; lastKnownFileType = image.png; path = "iPhone5,4.png"; sourceTree = "<group>"; };
		9CA9D6A41F52461B00BE1277 /* iPhone6,1.png */ = {isa = PBXFileReference; lastKnownFileType = image.png; path = "iPhone6,1.png"; sourceTree = "<group>"; };
		9CA9D6A51F52461B00BE1277 /* iPhone6,2.png */ = {isa = PBXFileReference; lastKnownFileType = image.png; path = "iPhone6,2.png"; sourceTree = "<group>"; };
		9CA9D6A61F52461B00BE1277 /* iPhone7,1.png */ = {isa = PBXFileReference; lastKnownFileType = image.png; path = "iPhone7,1.png"; sourceTree = "<group>"; };
		9CA9D6A71F52461B00BE1277 /* iPhone7,2.png */ = {isa = PBXFileReference; lastKnownFileType = image.png; path = "iPhone7,2.png"; sourceTree = "<group>"; };
		9CA9D6A81F52461B00BE1277 /* iPhone8,1.png */ = {isa = PBXFileReference; lastKnownFileType = image.png; path = "iPhone8,1.png"; sourceTree = "<group>"; };
		9CA9D6A91F52461B00BE1277 /* iPhone8,2.png */ = {isa = PBXFileReference; lastKnownFileType = image.png; path = "iPhone8,2.png"; sourceTree = "<group>"; };
		9CA9D6AA1F52461B00BE1277 /* iPhone8,4.png */ = {isa = PBXFileReference; lastKnownFileType = image.png; path = "iPhone8,4.png"; sourceTree = "<group>"; };
		9CA9D6AB1F52461B00BE1277 /* iPhone9,1.png */ = {isa = PBXFileReference; lastKnownFileType = image.png; path = "iPhone9,1.png"; sourceTree = "<group>"; };
		9CA9D6AC1F52461B00BE1277 /* iPhone9,2.png */ = {isa = PBXFileReference; lastKnownFileType = image.png; path = "iPhone9,2.png"; sourceTree = "<group>"; };
		9CA9D6AD1F52461B00BE1277 /* iPhone9,3.png */ = {isa = PBXFileReference; lastKnownFileType = image.png; path = "iPhone9,3.png"; sourceTree = "<group>"; };
		9CA9D6AE1F52461B00BE1277 /* iPhone9,4.png */ = {isa = PBXFileReference; lastKnownFileType = image.png; path = "iPhone9,4.png"; sourceTree = "<group>"; };
		9CA9D6AF1F52461B00BE1277 /* iPod1,1.png */ = {isa = PBXFileReference; lastKnownFileType = image.png; path = "iPod1,1.png"; sourceTree = "<group>"; };
		9CA9D6B01F52461B00BE1277 /* iPod2,1.png */ = {isa = PBXFileReference; lastKnownFileType = image.png; path = "iPod2,1.png"; sourceTree = "<group>"; };
		9CA9D6B11F52461B00BE1277 /* iPod3,1.png */ = {isa = PBXFileReference; lastKnownFileType = image.png; path = "iPod3,1.png"; sourceTree = "<group>"; };
		9CA9D6B21F52461B00BE1277 /* iPod4,1.png */ = {isa = PBXFileReference; lastKnownFileType = image.png; path = "iPod4,1.png"; sourceTree = "<group>"; };
		9CA9D6B31F52461B00BE1277 /* iPod5,1.png */ = {isa = PBXFileReference; lastKnownFileType = image.png; path = "iPod5,1.png"; sourceTree = "<group>"; };
		9CA9D6B41F52461B00BE1277 /* iPod7,1.png */ = {isa = PBXFileReference; lastKnownFileType = image.png; path = "iPod7,1.png"; sourceTree = "<group>"; };
		9CBBE4EA2061E6EA00A6B003 /* obe-Bridging-Header.h */ = {isa = PBXFileReference; lastKnownFileType = sourcecode.c.h; path = "obe-Bridging-Header.h"; sourceTree = "<group>"; };
		9CBBE4ED2061FEB200A6B003 /* magic.h */ = {isa = PBXFileReference; lastKnownFileType = sourcecode.c.h; path = magic.h; sourceTree = "<group>"; };
		9CBBE50020623F6A00A6B003 /* libmagic.1.dylib */ = {isa = PBXFileReference; lastKnownFileType = "compiled.mach-o.dylib"; path = libmagic.1.dylib; sourceTree = "<group>"; };
		9CBBE50120623F6A00A6B003 /* libmagic.a */ = {isa = PBXFileReference; lastKnownFileType = archive.ar; path = libmagic.a; sourceTree = "<group>"; };
/* End PBXFileReference section */

/* Begin PBXFrameworksBuildPhase section */
		9CA9D6611F52173200BE1277 /* Frameworks */ = {
			isa = PBXFrameworksBuildPhase;
			buildActionMask = 2147483647;
			files = (
				9C5BDE892062423300DFF64C /* libmagic.1.dylib in Frameworks */,
			);
			runOnlyForDeploymentPostprocessing = 0;
		};
/* End PBXFrameworksBuildPhase section */

/* Begin PBXGroup section */
		9CA9D65B1F52173200BE1277 = {
			isa = PBXGroup;
			children = (
				9CBBE4FF20623F2300A6B003 /* Frameworks */,
				9CA9D6661F52173200BE1277 /* Open Backup Extractor */,
				9CA9D6651F52173200BE1277 /* Products */,
			);
			sourceTree = "<group>";
		};
		9CA9D6651F52173200BE1277 /* Products */ = {
			isa = PBXGroup;
			children = (
				9CA9D6641F52173200BE1277 /* Open Backup Extractor.app */,
			);
			name = Products;
			sourceTree = "<group>";
		};
		9CA9D6661F52173200BE1277 /* Open Backup Extractor */ = {
			isa = PBXGroup;
			children = (
				9CA9D6671F52173200BE1277 /* AppDelegate.swift */,
				9CA9D6691F52173200BE1277 /* ViewController.swift */,
				9C1F658E1F529D9F0095092B /* Device.swift */,
				9CA9D6761F5243A000BE1277 /* DeviceCellView.swift */,
				9C1F65901F54FB260095092B /* DeviceTableView.swift */,
				9C33D8C3202E3304006968DE /* SelectableTypesView.swift */,
				9CBBE4EA2061E6EA00A6B003 /* obe-Bridging-Header.h */,
				9CBBE4ED2061FEB200A6B003 /* magic.h */,
				9CA9D66B1F52173200BE1277 /* Assets.xcassets */,
				9CA9D66D1F52173200BE1277 /* Main.storyboard */,
				9CA9D6701F52173200BE1277 /* Info.plist */,
				9CA9D67C1F52461B00BE1277 /* res */,
			);
			path = "Open Backup Extractor";
			sourceTree = "<group>";
		};
		9CA9D67C1F52461B00BE1277 /* res */ = {
			isa = PBXGroup;
			children = (
				9CA9D67D1F52461B00BE1277 /* devices */,
			);
			path = res;
			sourceTree = "<group>";
		};
		9CA9D67D1F52461B00BE1277 /* devices */ = {
			isa = PBXGroup;
			children = (
				9CA9D67E1F52461B00BE1277 /* iPad1,1.png */,
				9CA9D67F1F52461B00BE1277 /* iPad2,1.png */,
				9CA9D6801F52461B00BE1277 /* iPad2,2.png */,
				9CA9D6811F52461B00BE1277 /* iPad2,3.png */,
				9CA9D6821F52461B00BE1277 /* iPad2,4.png */,
				9CA9D6831F52461B00BE1277 /* iPad2,5.png */,
				9CA9D6841F52461B00BE1277 /* iPad3,1.png */,
				9CA9D6851F52461B00BE1277 /* iPad3,2.png */,
				9CA9D6861F52461B00BE1277 /* iPad3,3.png */,
				9CA9D6871F52461B00BE1277 /* iPad3,4.png */,
				9CA9D6881F52461B00BE1277 /* iPad3,5.png */,
				9CA9D6891F52461B00BE1277 /* iPad4,1.png */,
				9CA9D68A1F52461B00BE1277 /* iPad4,2.png */,
				9CA9D68B1F52461B00BE1277 /* iPad4,3.png */,
				9CA9D68C1F52461B00BE1277 /* iPad4,4.png */,
				9CA9D68D1F52461B00BE1277 /* iPad4,5.png */,
				9CA9D68E1F52461B00BE1277 /* iPad5,1.png */,
				9CA9D68F1F52461B00BE1277 /* iPad5,2.png */,
				9CA9D6901F52461B00BE1277 /* iPad5,3.png */,
				9CA9D6911F52461B00BE1277 /* iPad5,4.png */,
				9CA9D6921F52461B00BE1277 /* iPad5,5.png */,
				9CA9D6931F52461B00BE1277 /* iPad6,3.png */,
				9CA9D6941F52461B00BE1277 /* iPad6,4.png */,
				9CA9D6951F52461B00BE1277 /* iPad7,1.png */,
				9CA9D6961F52461B00BE1277 /* iPad7,2.png */,
				9CA9D6971F52461B00BE1277 /* iPad7,3.png */,
				9CA9D6981F52461B00BE1277 /* iPad7,4.png */,
				9CA9D6991F52461B00BE1277 /* iPhone1,1.png */,
				9CA9D69A1F52461B00BE1277 /* iPhone1,2.png */,
				9CA9D69B1F52461B00BE1277 /* iPhone2,1.png */,
				9CA9D69C1F52461B00BE1277 /* iPhone3,1.png */,
				9CA9D69D1F52461B00BE1277 /* iPhone3,2.png */,
				9CA9D69E1F52461B00BE1277 /* iPhone3,3.png */,
				9CA9D69F1F52461B00BE1277 /* iPhone4,1.png */,
				9CA9D6A01F52461B00BE1277 /* iPhone5,1.png */,
				9CA9D6A11F52461B00BE1277 /* iPhone5,2.png */,
				9CA9D6A21F52461B00BE1277 /* iPhone5,3.png */,
				9CA9D6A31F52461B00BE1277 /* iPhone5,4.png */,
				9CA9D6A41F52461B00BE1277 /* iPhone6,1.png */,
				9CA9D6A51F52461B00BE1277 /* iPhone6,2.png */,
				9CA9D6A61F52461B00BE1277 /* iPhone7,1.png */,
				9CA9D6A71F52461B00BE1277 /* iPhone7,2.png */,
				9CA9D6A81F52461B00BE1277 /* iPhone8,1.png */,
				9CA9D6A91F52461B00BE1277 /* iPhone8,2.png */,
				9CA9D6AA1F52461B00BE1277 /* iPhone8,4.png */,
				9CA9D6AB1F52461B00BE1277 /* iPhone9,1.png */,
				9CA9D6AC1F52461B00BE1277 /* iPhone9,2.png */,
				9CA9D6AD1F52461B00BE1277 /* iPhone9,3.png */,
				9CA9D6AE1F52461B00BE1277 /* iPhone9,4.png */,
				9CA9D6AF1F52461B00BE1277 /* iPod1,1.png */,
				9CA9D6B01F52461B00BE1277 /* iPod2,1.png */,
				9CA9D6B11F52461B00BE1277 /* iPod3,1.png */,
				9CA9D6B21F52461B00BE1277 /* iPod4,1.png */,
				9CA9D6B31F52461B00BE1277 /* iPod5,1.png */,
				9CA9D6B41F52461B00BE1277 /* iPod7,1.png */,
			);
			path = devices;
			sourceTree = "<group>";
		};
		9CBBE4FF20623F2300A6B003 /* Frameworks */ = {
			isa = PBXGroup;
			children = (
				9CBBE50020623F6A00A6B003 /* libmagic.1.dylib */,
				9CBBE50120623F6A00A6B003 /* libmagic.a */,
			);
			path = Frameworks;
			sourceTree = "<group>";
		};
/* End PBXGroup section */

/* Begin PBXNativeTarget section */
		9CA9D6631F52173200BE1277 /* Open Backup Extractor */ = {
			isa = PBXNativeTarget;
			buildConfigurationList = 9CA9D6731F52173200BE1277 /* Build configuration list for PBXNativeTarget "Open Backup Extractor" */;
			buildPhases = (
				9CA9D6601F52173200BE1277 /* Sources */,
				9CA9D6611F52173200BE1277 /* Frameworks */,
				9CA9D6621F52173200BE1277 /* Resources */,
				9CBBE4F6206239F900A6B003 /* Embed Libraries */,
			);
			buildRules = (
			);
			dependencies = (
			);
			name = "Open Backup Extractor";
			productName = "Open Backup Extractor";
			productReference = 9CA9D6641F52173200BE1277 /* Open Backup Extractor.app */;
			productType = "com.apple.product-type.application";
		};
/* End PBXNativeTarget section */

/* Begin PBXProject section */
		9CA9D65C1F52173200BE1277 /* Project object */ = {
			isa = PBXProject;
			attributes = {
				LastSwiftUpdateCheck = 0820;
				LastUpgradeCheck = 0820;
				ORGANIZATIONNAME = VGMoose;
				TargetAttributes = {
					9CA9D6631F52173200BE1277 = {
						CreatedOnToolsVersion = 8.2.1;
						DevelopmentTeam = 9UDT7LSCEF;
						ProvisioningStyle = Automatic;
					};
				};
			};
			buildConfigurationList = 9CA9D65F1F52173200BE1277 /* Build configuration list for PBXProject "Open Backup Extractor" */;
			compatibilityVersion = "Xcode 3.2";
			developmentRegion = English;
			hasScannedForEncodings = 0;
			knownRegions = (
				en,
				Base,
			);
			mainGroup = 9CA9D65B1F52173200BE1277;
			productRefGroup = 9CA9D6651F52173200BE1277 /* Products */;
			projectDirPath = "";
			projectRoot = "";
			targets = (
				9CA9D6631F52173200BE1277 /* Open Backup Extractor */,
			);
		};
/* End PBXProject section */

/* Begin PBXResourcesBuildPhase section */
		9CA9D6621F52173200BE1277 /* Resources */ = {
			isa = PBXResourcesBuildPhase;
			buildActionMask = 2147483647;
			files = (
				9CA9D6C31F52461B00BE1277 /* iPad4,4.png in Resources */,
				9CA9D6CA1F52461B00BE1277 /* iPad6,3.png in Resources */,
				9CA9D6D91F52461B00BE1277 /* iPhone5,3.png in Resources */,
				9CA9D6E41F52461B00BE1277 /* iPhone9,3.png in Resources */,
				9CA9D6E01F52461B00BE1277 /* iPhone8,2.png in Resources */,
				9CA9D6EB1F52461B00BE1277 /* iPod7,1.png in Resources */,
				9CA9D6E51F52461B00BE1277 /* iPhone9,4.png in Resources */,
				9CA9D6CE1F52461B00BE1277 /* iPad7,3.png in Resources */,
				9CA9D66C1F52173200BE1277 /* Assets.xcassets in Resources */,
				9CA9D6DC1F52461B00BE1277 /* iPhone6,2.png in Resources */,
				9CA9D6CF1F52461B00BE1277 /* iPad7,4.png in Resources */,
				9CA9D6BB1F52461B00BE1277 /* iPad3,1.png in Resources */,
				9CA9D6D81F52461B00BE1277 /* iPhone5,2.png in Resources */,
				9CA9D6E61F52461B00BE1277 /* iPod1,1.png in Resources */,
				9CA9D6E91F52461B00BE1277 /* iPod4,1.png in Resources */,
				9CA9D6E31F52461B00BE1277 /* iPhone9,2.png in Resources */,
				9CA9D6E71F52461B00BE1277 /* iPod2,1.png in Resources */,
				9CA9D6D41F52461B00BE1277 /* iPhone3,2.png in Resources */,
				9CA9D6CD1F52461B00BE1277 /* iPad7,2.png in Resources */,
				9CA9D6D61F52461B00BE1277 /* iPhone4,1.png in Resources */,
				9CA9D6DD1F52461B00BE1277 /* iPhone7,1.png in Resources */,
				9CA9D6B91F52461B00BE1277 /* iPad2,4.png in Resources */,
				9CA9D6CB1F52461B00BE1277 /* iPad6,4.png in Resources */,
				9CA9D6B81F52461B00BE1277 /* iPad2,3.png in Resources */,
				9CA9D6BF1F52461B00BE1277 /* iPad3,5.png in Resources */,
				9CA9D6DF1F52461B00BE1277 /* iPhone8,1.png in Resources */,
				9CA9D6C91F52461B00BE1277 /* iPad5,5.png in Resources */,
				9CA9D6DA1F52461B00BE1277 /* iPhone5,4.png in Resources */,
				9CA9D6E81F52461B00BE1277 /* iPod3,1.png in Resources */,
				9CA9D6D51F52461B00BE1277 /* iPhone3,3.png in Resources */,
				9CA9D6BD1F52461B00BE1277 /* iPad3,3.png in Resources */,
				9CA9D6D71F52461B00BE1277 /* iPhone5,1.png in Resources */,
				9CA9D6D11F52461B00BE1277 /* iPhone1,2.png in Resources */,
				9CA9D6B51F52461B00BE1277 /* iPad1,1.png in Resources */,
				9CA9D6DE1F52461B00BE1277 /* iPhone7,2.png in Resources */,
				9CA9D66F1F52173200BE1277 /* Main.storyboard in Resources */,
				9CA9D6BE1F52461B00BE1277 /* iPad3,4.png in Resources */,
				9CA9D6EA1F52461B00BE1277 /* iPod5,1.png in Resources */,
				9CA9D6C51F52461B00BE1277 /* iPad5,1.png in Resources */,
				9CA9D6D21F52461B00BE1277 /* iPhone2,1.png in Resources */,
				9CA9D6D01F52461B00BE1277 /* iPhone1,1.png in Resources */,
				9CA9D6DB1F52461B00BE1277 /* iPhone6,1.png in Resources */,
				9CA9D6C61F52461B00BE1277 /* iPad5,2.png in Resources */,
				9CA9D6C01F52461B00BE1277 /* iPad4,1.png in Resources */,
				9CA9D6C71F52461B00BE1277 /* iPad5,3.png in Resources */,
				9CA9D6D31F52461B00BE1277 /* iPhone3,1.png in Resources */,
				9CA9D6C11F52461B00BE1277 /* iPad4,2.png in Resources */,
				9CA9D6CC1F52461B00BE1277 /* iPad7,1.png in Resources */,
				9CA9D6C81F52461B00BE1277 /* iPad5,4.png in Resources */,
				9CA9D6B71F52461B00BE1277 /* iPad2,2.png in Resources */,
				9CA9D6E21F52461B00BE1277 /* iPhone9,1.png in Resources */,
				9CA9D6C41F52461B00BE1277 /* iPad4,5.png in Resources */,
				9CA9D6B61F52461B00BE1277 /* iPad2,1.png in Resources */,
				9CA9D6BA1F52461B00BE1277 /* iPad2,5.png in Resources */,
				9CA9D6E11F52461B00BE1277 /* iPhone8,4.png in Resources */,
				9CA9D6BC1F52461B00BE1277 /* iPad3,2.png in Resources */,
				9CA9D6C21F52461B00BE1277 /* iPad4,3.png in Resources */,
			);
			runOnlyForDeploymentPostprocessing = 0;
		};
/* End PBXResourcesBuildPhase section */

/* Begin PBXSourcesBuildPhase section */
		9CA9D6601F52173200BE1277 /* Sources */ = {
			isa = PBXSourcesBuildPhase;
			buildActionMask = 2147483647;
			files = (
				9CA9D6771F5243A000BE1277 /* DeviceCellView.swift in Sources */,
				9CA9D66A1F52173200BE1277 /* ViewController.swift in Sources */,
				9C1F65911F54FB260095092B /* DeviceTableView.swift in Sources */,
				9CA9D6681F52173200BE1277 /* AppDelegate.swift in Sources */,
				9C33D8C4202E3304006968DE /* SelectableTypesView.swift in Sources */,
				9C1F658F1F529D9F0095092B /* Device.swift in Sources */,
			);
			runOnlyForDeploymentPostprocessing = 0;
		};
/* End PBXSourcesBuildPhase section */

/* Begin PBXVariantGroup section */
		9CA9D66D1F52173200BE1277 /* Main.storyboard */ = {
			isa = PBXVariantGroup;
			children = (
				9CA9D66E1F52173200BE1277 /* Base */,
			);
			name = Main.storyboard;
			sourceTree = "<group>";
		};
/* End PBXVariantGroup section */

/* Begin XCBuildConfiguration section */
		9CA9D6711F52173200BE1277 /* Debug */ = {
			isa = XCBuildConfiguration;
			buildSettings = {
				ALWAYS_SEARCH_USER_PATHS = NO;
				CLANG_ANALYZER_NONNULL = YES;
				CLANG_CXX_LANGUAGE_STANDARD = "gnu++0x";
				CLANG_CXX_LIBRARY = "libc++";
				CLANG_ENABLE_MODULES = YES;
				CLANG_ENABLE_OBJC_ARC = YES;
				CLANG_WARN_BOOL_CONVERSION = YES;
				CLANG_WARN_CONSTANT_CONVERSION = YES;
				CLANG_WARN_DIRECT_OBJC_ISA_USAGE = YES_ERROR;
				CLANG_WARN_DOCUMENTATION_COMMENTS = YES;
				CLANG_WARN_EMPTY_BODY = YES;
				CLANG_WARN_ENUM_CONVERSION = YES;
				CLANG_WARN_INFINITE_RECURSION = YES;
				CLANG_WARN_INT_CONVERSION = YES;
				CLANG_WARN_OBJC_ROOT_CLASS = YES_ERROR;
				CLANG_WARN_SUSPICIOUS_MOVE = YES;
				CLANG_WARN_UNREACHABLE_CODE = YES;
				CLANG_WARN__DUPLICATE_METHOD_MATCH = YES;
				CODE_SIGN_IDENTITY = "-";
				COPY_PHASE_STRIP = NO;
				DEBUG_INFORMATION_FORMAT = dwarf;
				ENABLE_STRICT_OBJC_MSGSEND = YES;
				ENABLE_TESTABILITY = YES;
				GCC_C_LANGUAGE_STANDARD = gnu99;
				GCC_DYNAMIC_NO_PIC = NO;
				GCC_NO_COMMON_BLOCKS = YES;
				GCC_OPTIMIZATION_LEVEL = 0;
				GCC_PREPROCESSOR_DEFINITIONS = (
					"DEBUG=1",
					"$(inherited)",
				);
				GCC_WARN_64_TO_32_BIT_CONVERSION = YES;
				GCC_WARN_ABOUT_RETURN_TYPE = YES_ERROR;
				GCC_WARN_UNDECLARED_SELECTOR = YES;
				GCC_WARN_UNINITIALIZED_AUTOS = YES_AGGRESSIVE;
				GCC_WARN_UNUSED_FUNCTION = YES;
				GCC_WARN_UNUSED_VARIABLE = YES;
				MACOSX_DEPLOYMENT_TARGET = 10.9;
				MTL_ENABLE_DEBUG_INFO = YES;
				ONLY_ACTIVE_ARCH = YES;
				SDKROOT = macosx;
				SWIFT_ACTIVE_COMPILATION_CONDITIONS = DEBUG;
				SWIFT_OPTIMIZATION_LEVEL = "-Onone";
			};
			name = Debug;
		};
		9CA9D6721F52173200BE1277 /* Release */ = {
			isa = XCBuildConfiguration;
			buildSettings = {
				ALWAYS_SEARCH_USER_PATHS = NO;
				CLANG_ANALYZER_NONNULL = YES;
				CLANG_CXX_LANGUAGE_STANDARD = "gnu++0x";
				CLANG_CXX_LIBRARY = "libc++";
				CLANG_ENABLE_MODULES = YES;
				CLANG_ENABLE_OBJC_ARC = YES;
				CLANG_WARN_BOOL_CONVERSION = YES;
				CLANG_WARN_CONSTANT_CONVERSION = YES;
				CLANG_WARN_DIRECT_OBJC_ISA_USAGE = YES_ERROR;
				CLANG_WARN_DOCUMENTATION_COMMENTS = YES;
				CLANG_WARN_EMPTY_BODY = YES;
				CLANG_WARN_ENUM_CONVERSION = YES;
				CLANG_WARN_INFINITE_RECURSION = YES;
				CLANG_WARN_INT_CONVERSION = YES;
				CLANG_WARN_OBJC_ROOT_CLASS = YES_ERROR;
				CLANG_WARN_SUSPICIOUS_MOVE = YES;
				CLANG_WARN_UNREACHABLE_CODE = YES;
				CLANG_WARN__DUPLICATE_METHOD_MATCH = YES;
				CODE_SIGN_IDENTITY = "-";
				COPY_PHASE_STRIP = NO;
				DEBUG_INFORMATION_FORMAT = "dwarf-with-dsym";
				ENABLE_NS_ASSERTIONS = NO;
				ENABLE_STRICT_OBJC_MSGSEND = YES;
				GCC_C_LANGUAGE_STANDARD = gnu99;
				GCC_NO_COMMON_BLOCKS = YES;
				GCC_WARN_64_TO_32_BIT_CONVERSION = YES;
				GCC_WARN_ABOUT_RETURN_TYPE = YES_ERROR;
				GCC_WARN_UNDECLARED_SELECTOR = YES;
				GCC_WARN_UNINITIALIZED_AUTOS = YES_AGGRESSIVE;
				GCC_WARN_UNUSED_FUNCTION = YES;
				GCC_WARN_UNUSED_VARIABLE = YES;
				MACOSX_DEPLOYMENT_TARGET = 10.9;
				MTL_ENABLE_DEBUG_INFO = NO;
				SDKROOT = macosx;
				SWIFT_OPTIMIZATION_LEVEL = "-Owholemodule";
			};
			name = Release;
		};
		9CA9D6741F52173200BE1277 /* Debug */ = {
			isa = XCBuildConfiguration;
			buildSettings = {
				ASSETCATALOG_COMPILER_APPICON_NAME = AppIcon;
				COMBINE_HIDPI_IMAGES = YES;
				DEVELOPMENT_TEAM = 9UDT7LSCEF;
				INFOPLIST_FILE = "Open Backup Extractor/Info.plist";
				LD_RUNPATH_SEARCH_PATHS = "$(inherited) @executable_path/../Frameworks";
				LIBRARY_SEARCH_PATHS = (
					"$(inherited)",
					"$(PROJECT_DIR)",
					"$(PROJECT_DIR)/Frameworks",
				);
				MACOSX_DEPLOYMENT_TARGET = 10.10;
				PRODUCT_BUNDLE_IDENTIFIER = "com.vgmoose.Open-Backup-Extractor";
				PRODUCT_NAME = "$(TARGET_NAME)";
				SWIFT_OBJC_BRIDGING_HEADER = "Open Backup Extractor/obe-Bridging-Header.h";
				SWIFT_VERSION = 3.0;
			};
			name = Debug;
		};
		9CA9D6751F52173200BE1277 /* Release */ = {
			isa = XCBuildConfiguration;
			buildSettings = {
				ASSETCATALOG_COMPILER_APPICON_NAME = AppIcon;
				COMBINE_HIDPI_IMAGES = YES;
				DEVELOPMENT_TEAM = 9UDT7LSCEF;
				INFOPLIST_FILE = "Open Backup Extractor/Info.plist";
				LD_RUNPATH_SEARCH_PATHS = "$(inherited) @executable_path/../Frameworks";
				LIBRARY_SEARCH_PATHS = (
					"$(inherited)",
					"$(PROJECT_DIR)",
					"$(PROJECT_DIR)/Frameworks",
				);
				MACOSX_DEPLOYMENT_TARGET = 10.10;
				PRODUCT_BUNDLE_IDENTIFIER = "com.vgmoose.Open-Backup-Extractor";
				PRODUCT_NAME = "$(TARGET_NAME)";
				SWIFT_OBJC_BRIDGING_HEADER = "Open Backup Extractor/obe-Bridging-Header.h";
				SWIFT_VERSION = 3.0;
			};
			name = Release;
		};
/* End XCBuildConfiguration section */

/* Begin XCConfigurationList section */
		9CA9D65F1F52173200BE1277 /* Build configuration list for PBXProject "Open Backup Extractor" */ = {
			isa = XCConfigurationList;
			buildConfigurations = (
				9CA9D6711F52173200BE1277 /* Debug */,
				9CA9D6721F52173200BE1277 /* Release */,
			);
			defaultConfigurationIsVisible = 0;
			defaultConfigurationName = Release;
		};
		9CA9D6731F52173200BE1277 /* Build configuration list for PBXNativeTarget "Open Backup Extractor" */ = {
			isa = XCConfigurationList;
			buildConfigurations = (
				9CA9D6741F52173200BE1277 /* Debug */,
				9CA9D6751F52173200BE1277 /* Release */,
			);
			defaultConfigurationIsVisible = 0;
			defaultConfigurationName = Release;
		};
/* End XCConfigurationList section */
	};
	rootObject = 9CA9D65C1F52173200BE1277 /* Project object */;
}
